
Microsoft Visual Studio Solution File, Format Version 12.00
# Visual Studio Version 17
VisualStudioVersion = 17.11.35303.130
MinimumVisualStudioVersion = 10.0.40219.1
Project("{FAE04EC0-301F-11D3-BF4B-00C04F79EFBC}") = "Bombitas", "Bombitas\Bombitas.csproj", "{6AA1CF0B-8566-4B0F-B33B-28021083799D}"
EndProject
Project("{2150E333-8FDC-42A3-9474-1A3956D46DE8}") = "Elementos de la solución", "Elementos de la solución", "{BD5E99E1-8E1C-4F03-A9F1-5D6869FD45AD}"
	ProjectSection(SolutionItems) = preProject
		Analisis.txt = Analisis.txt
	EndProjectSection
EndProject
Project("{FAE04EC0-301F-11D3-BF4B-00C04F79EFBC}") = "BL", "BL\BL.csproj", "{A344496B-0F83-4673-B901-419D86B084FB}"
EndProject
Project("{FAE04EC0-301F-11D3-BF4B-00C04F79EFBC}") = "ENT", "ENT\ENT.csproj", "{00565AE4-AB88-4695-838C-937449FA8E09}"
EndProject
Global
	GlobalSection(SolutionConfigurationPlatforms) = preSolution
		Debug|Any CPU = Debug|Any CPU
		Release|Any CPU = Release|Any CPU
	EndGlobalSection
	GlobalSection(ProjectConfigurationPlatforms) = postSolution
		{6AA1CF0B-8566-4B0F-B33B-28021083799D}.Debug|Any CPU.ActiveCfg = Debug|Any CPU
		{6AA1CF0B-8566-4B0F-B33B-28021083799D}.Debug|Any CPU.Build.0 = Debug|Any CPU
		{6AA1CF0B-8566-4B0F-B33B-28021083799D}.Debug|Any CPU.Deploy.0 = Debug|Any CPU
		{6AA1CF0B-8566-4B0F-B33B-28021083799D}.Release|Any CPU.ActiveCfg = Release|Any CPU
		{6AA1CF0B-8566-4B0F-B33B-28021083799D}.Release|Any CPU.Build.0 = Release|Any CPU
		{6AA1CF0B-8566-4B0F-B33B-28021083799D}.Release|Any CPU.Deploy.0 = Release|Any CPU
		{A344496B-0F83-4673-B901-419D86B084FB}.Debug|Any CPU.ActiveCfg = Debug|Any CPU
		{A344496B-0F83-4673-B901-419D86B084FB}.Debug|Any CPU.Build.0 = Debug|Any CPU
		{A344496B-0F83-4673-B901-419D86B084FB}.Release|Any CPU.ActiveCfg = Release|Any CPU
		{A344496B-0F83-4673-B901-419D86B084FB}.Release|Any CPU.Build.0 = Release|Any CPU
		{00565AE4-AB88-4695-838C-937449FA8E09}.Debug|Any CPU.ActiveCfg = Debug|Any CPU
		{00565AE4-AB88-4695-838C-937449FA8E09}.Debug|Any CPU.Build.0 = Debug|Any CPU
		{00565AE4-AB88-4695-838C-937449FA8E09}.Release|Any CPU.ActiveCfg = Release|Any CPU
		{00565AE4-AB88-4695-838C-937449FA8E09}.Release|Any CPU.Build.0 = Release|Any CPU
	EndGlobalSection
	GlobalSection(SolutionProperties) = preSolution
		HideSolutionNode = FALSE
	EndGlobalSection
	GlobalSection(ExtensibilityGlobals) = postSolution
		SolutionGuid = {A5355A50-DF61-4ECB-BCA9-B15509DDCAF8}
	EndGlobalSection
EndGlobal
